
Microsoft Visual Studio Solution File, Format Version 12.00
# Visual Studio Version 16
VisualStudioVersion = 16.0.28714.193
MinimumVisualStudioVersion = 10.0.40219.1
Project("{FAE04EC0-301F-11D3-BF4B-00C04F79EFBC}") = "Atsuka", "Atsuka\Atsuka.csproj", "{A924DF52-6391-4C96-8F71-597012E5C578}"
EndProject
Global
	GlobalSection(SolutionConfigurationPlatforms) = preSolution
		Debug|Any CPU = Debug|Any CPU
		Release|Any CPU = Release|Any CPU
	EndGlobalSection
	GlobalSection(ProjectConfigurationPlatforms) = postSolution
		{A924DF52-6391-4C96-8F71-597012E5C578}.Debug|Any CPU.ActiveCfg = Debug|Any CPU
		{A924DF52-6391-4C96-8F71-597012E5C578}.Debug|Any CPU.Build.0 = Debug|Any CPU
		{A924DF52-6391-4C96-8F71-597012E5C578}.Release|Any CPU.ActiveCfg = Release|Any CPU
		{A924DF52-6391-4C96-8F71-597012E5C578}.Release|Any CPU.Build.0 = Release|Any CPU
	EndGlobalSection
	GlobalSection(SolutionProperties) = preSolution
		HideSolutionNode = FALSE
	EndGlobalSection
	GlobalSection(ExtensibilityGlobals) = postSolution
		SolutionGuid = {3F371DA8-20C7-4299-9E44-6F3899B2DFD2}
	EndGlobalSection
EndGlobal
